
Microsoft Visual Studio Solution File, Format Version 12.00
# Visual Studio Version 17
VisualStudioVersion = 17.4.33213.308
MinimumVisualStudioVersion = 10.0.40219.1
Project("{FAE04EC0-301F-11D3-BF4B-00C04F79EFBC}") = "FashionShopMd", "FashionShopMd\FashionShopMd.csproj", "{C41396C7-3592-4568-AE2B-FF3D92FC5374}"
EndProject
Global
	GlobalSection(SolutionConfigurationPlatforms) = preSolution
		Debug|Any CPU = Debug|Any CPU
		Release|Any CPU = Release|Any CPU
	EndGlobalSection
	GlobalSection(ProjectConfigurationPlatforms) = postSolution
		{C41396C7-3592-4568-AE2B-FF3D92FC5374}.Debug|Any CPU.ActiveCfg = Debug|Any CPU
		{C41396C7-3592-4568-AE2B-FF3D92FC5374}.Debug|Any CPU.Build.0 = Debug|Any CPU
		{C41396C7-3592-4568-AE2B-FF3D92FC5374}.Release|Any CPU.ActiveCfg = Release|Any CPU
		{C41396C7-3592-4568-AE2B-FF3D92FC5374}.Release|Any CPU.Build.0 = Release|Any CPU
	EndGlobalSection
	GlobalSection(SolutionProperties) = preSolution
		HideSolutionNode = FALSE
	EndGlobalSection
	GlobalSection(ExtensibilityGlobals) = postSolution
		SolutionGuid = {A175D8F2-323A-41FF-95DD-26ADABBBF851}
	EndGlobalSection
EndGlobal
